// !$*UTF8*$!
{
	archiveVersion = 1;
	classes = {
	};
	objectVersion = 46;
	objects = {

/* Begin PBXBuildFile section */
		71DE06EC194BFADB00378337 /* Foundation.framework in Frameworks */ = {isa = PBXBuildFile; fileRef = 71DE06EB194BFADB00378337 /* Foundation.framework */; };
		71DE06EE194BFADB00378337 /* CoreGraphics.framework in Frameworks */ = {isa = PBXBuildFile; fileRef = 71DE06ED194BFADB00378337 /* CoreGraphics.framework */; };
		71DE06F0194BFADB00378337 /* UIKit.framework in Frameworks */ = {isa = PBXBuildFile; fileRef = 71DE06EF194BFADB00378337 /* UIKit.framework */; };
		71DE06F6194BFADB00378337 /* InfoPlist.strings in Resources */ = {isa = PBXBuildFile; fileRef = 71DE06F4194BFADB00378337 /* InfoPlist.strings */; };
		71DE06F8194BFADB00378337 /* main.m in Sources */ = {isa = PBXBuildFile; fileRef = 71DE06F7194BFADB00378337 /* main.m */; };
		71DE06FC194BFADB00378337 /* BHAppDelegate.m in Sources */ = {isa = PBXBuildFile; fileRef = 71DE06FB194BFADB00378337 /* BHAppDelegate.m */; };
		71DE06FF194BFADB00378337 /* Main.storyboard in Resources */ = {isa = PBXBuildFile; fileRef = 71DE06FD194BFADB00378337 /* Main.storyboard */; };
		71DE0702194BFADB00378337 /* BHViewController.m in Sources */ = {isa = PBXBuildFile; fileRef = 71DE0701194BFADB00378337 /* BHViewController.m */; };
		71DE0704194BFADB00378337 /* Images.xcassets in Resources */ = {isa = PBXBuildFile; fileRef = 71DE0703194BFADB00378337 /* Images.xcassets */; };
		71DE070B194BFADB00378337 /* XCTest.framework in Frameworks */ = {isa = PBXBuildFile; fileRef = 71DE070A194BFADB00378337 /* XCTest.framework */; };
		71DE070C194BFADB00378337 /* Foundation.framework in Frameworks */ = {isa = PBXBuildFile; fileRef = 71DE06EB194BFADB00378337 /* Foundation.framework */; };
		71DE070D194BFADB00378337 /* UIKit.framework in Frameworks */ = {isa = PBXBuildFile; fileRef = 71DE06EF194BFADB00378337 /* UIKit.framework */; };
		71DE0715194BFADB00378337 /* InfoPlist.strings in Resources */ = {isa = PBXBuildFile; fileRef = 71DE0713194BFADB00378337 /* InfoPlist.strings */; };
		71DE0717194BFADB00378337 /* BlockHeadTests.m in Sources */ = {isa = PBXBuildFile; fileRef = 71DE0716194BFADB00378337 /* BlockHeadTests.m */; };
/* End PBXBuildFile section */

/* Begin PBXContainerItemProxy section */
		71DE070E194BFADB00378337 /* PBXContainerItemProxy */ = {
			isa = PBXContainerItemProxy;
			containerPortal = 71DE06E0194BFADB00378337 /* Project object */;
			proxyType = 1;
			remoteGlobalIDString = 71DE06E7194BFADB00378337;
			remoteInfo = BlockHead;
		};
/* End PBXContainerItemProxy section */

/* Begin PBXFileReference section */
		71DE06E8194BFADB00378337 /* BlockHead.app */ = {isa = PBXFileReference; explicitFileType = wrapper.application; includeInIndex = 0; path = BlockHead.app; sourceTree = BUILT_PRODUCTS_DIR; };
		71DE06EB194BFADB00378337 /* Foundation.framework */ = {isa = PBXFileReference; lastKnownFileType = wrapper.framework; name = Foundation.framework; path = System/Library/Frameworks/Foundation.framework; sourceTree = SDKROOT; };
		71DE06ED194BFADB00378337 /* CoreGraphics.framework */ = {isa = PBXFileReference; lastKnownFileType = wrapper.framework; name = CoreGraphics.framework; path = System/Library/Frameworks/CoreGraphics.framework; sourceTree = SDKROOT; };
		71DE06EF194BFADB00378337 /* UIKit.framework */ = {isa = PBXFileReference; lastKnownFileType = wrapper.framework; name = UIKit.framework; path = System/Library/Frameworks/UIKit.framework; sourceTree = SDKROOT; };
		71DE06F3194BFADB00378337 /* BlockHead-Info.plist */ = {isa = PBXFileReference; lastKnownFileType = text.plist.xml; path = "BlockHead-Info.plist"; sourceTree = "<group>"; };
		71DE06F5194BFADB00378337 /* en */ = {isa = PBXFileReference; lastKnownFileType = text.plist.strings; name = en; path = en.lproj/InfoPlist.strings; sourceTree = "<group>"; };
		71DE06F7194BFADB00378337 /* main.m */ = {isa = PBXFileReference; lastKnownFileType = sourcecode.c.objc; path = main.m; sourceTree = "<group>"; };
		71DE06F9194BFADB00378337 /* BlockHead-Prefix.pch */ = {isa = PBXFileReference; lastKnownFileType = sourcecode.c.h; path = "BlockHead-Prefix.pch"; sourceTree = "<group>"; };
		71DE06FA194BFADB00378337 /* BHAppDelegate.h */ = {isa = PBXFileReference; lastKnownFileType = sourcecode.c.h; path = BHAppDelegate.h; sourceTree = "<group>"; };
		71DE06FB194BFADB00378337 /* BHAppDelegate.m */ = {isa = PBXFileReference; lastKnownFileType = sourcecode.c.objc; path = BHAppDelegate.m; sourceTree = "<group>"; };
		71DE06FE194BFADB00378337 /* Base */ = {isa = PBXFileReference; lastKnownFileType = file.storyboard; name = Base; path = Base.lproj/Main.storyboard; sourceTree = "<group>"; };
		71DE0700194BFADB00378337 /* BHViewController.h */ = {isa = PBXFileReference; lastKnownFileType = sourcecode.c.h; path = BHViewController.h; sourceTree = "<group>"; };
		71DE0701194BFADB00378337 /* BHViewController.m */ = {isa = PBXFileReference; lastKnownFileType = sourcecode.c.objc; path = BHViewController.m; sourceTree = "<group>"; };
		71DE0703194BFADB00378337 /* Images.xcassets */ = {isa = PBXFileReference; lastKnownFileType = folder.assetcatalog; path = Images.xcassets; sourceTree = "<group>"; };
		71DE0709194BFADB00378337 /* BlockHeadTests.xctest */ = {isa = PBXFileReference; explicitFileType = wrapper.cfbundle; includeInIndex = 0; path = BlockHeadTests.xctest; sourceTree = BUILT_PRODUCTS_DIR; };
		71DE070A194BFADB00378337 /* XCTest.framework */ = {isa = PBXFileReference; lastKnownFileType = wrapper.framework; name = XCTest.framework; path = Library/Frameworks/XCTest.framework; sourceTree = DEVELOPER_DIR; };
		71DE0712194BFADB00378337 /* BlockHeadTests-Info.plist */ = {isa = PBXFileReference; lastKnownFileType = text.plist.xml; path = "BlockHeadTests-Info.plist"; sourceTree = "<group>"; };
		71DE0714194BFADB00378337 /* en */ = {isa = PBXFileReference; lastKnownFileType = text.plist.strings; name = en; path = en.lproj/InfoPlist.strings; sourceTree = "<group>"; };
		71DE0716194BFADB00378337 /* BlockHeadTests.m */ = {isa = PBXFileReference; lastKnownFileType = sourcecode.c.objc; path = BlockHeadTests.m; sourceTree = "<group>"; };
/* End PBXFileReference section */

/* Begin PBXFrameworksBuildPhase section */
		71DE06E5194BFADB00378337 /* Frameworks */ = {
			isa = PBXFrameworksBuildPhase;
			buildActionMask = 2147483647;
			files = (
				71DE06EE194BFADB00378337 /* CoreGraphics.framework in Frameworks */,
				71DE06F0194BFADB00378337 /* UIKit.framework in Frameworks */,
				71DE06EC194BFADB00378337 /* Foundation.framework in Frameworks */,
			);
			runOnlyForDeploymentPostprocessing = 0;
		};
		71DE0706194BFADB00378337 /* Frameworks */ = {
			isa = PBXFrameworksBuildPhase;
			buildActionMask = 2147483647;
			files = (
				71DE070B194BFADB00378337 /* XCTest.framework in Frameworks */,
				71DE070D194BFADB00378337 /* UIKit.framework in Frameworks */,
				71DE070C194BFADB00378337 /* Foundation.framework in Frameworks */,
			);
			runOnlyForDeploymentPostprocessing = 0;
		};
/* End PBXFrameworksBuildPhase section */

/* Begin PBXGroup section */
		71DE06DF194BFADB00378337 = {
			isa = PBXGroup;
			children = (
				71DE06F1194BFADB00378337 /* BlockHead */,
				71DE0710194BFADB00378337 /* BlockHeadTests */,
				71DE06EA194BFADB00378337 /* Frameworks */,
				71DE06E9194BFADB00378337 /* Products */,
			);
			sourceTree = "<group>";
		};
		71DE06E9194BFADB00378337 /* Products */ = {
			isa = PBXGroup;
			children = (
				71DE06E8194BFADB00378337 /* BlockHead.app */,
				71DE0709194BFADB00378337 /* BlockHeadTests.xctest */,
			);
			name = Products;
			sourceTree = "<group>";
		};
		71DE06EA194BFADB00378337 /* Frameworks */ = {
			isa = PBXGroup;
			children = (
				71DE06EB194BFADB00378337 /* Foundation.framework */,
				71DE06ED194BFADB00378337 /* CoreGraphics.framework */,
				71DE06EF194BFADB00378337 /* UIKit.framework */,
				71DE070A194BFADB00378337 /* XCTest.framework */,
			);
			name = Frameworks;
			sourceTree = "<group>";
		};
		71DE06F1194BFADB00378337 /* BlockHead */ = {
			isa = PBXGroup;
			children = (
				71DE06FA194BFADB00378337 /* BHAppDelegate.h */,
				71DE06FB194BFADB00378337 /* BHAppDelegate.m */,
				71DE06FD194BFADB00378337 /* Main.storyboard */,
				71DE0700194BFADB00378337 /* BHViewController.h */,
				71DE0701194BFADB00378337 /* BHViewController.m */,
				71DE0703194BFADB00378337 /* Images.xcassets */,
				71DE06F2194BFADB00378337 /* Supporting Files */,
			);
			path = BlockHead;
			sourceTree = "<group>";
		};
		71DE06F2194BFADB00378337 /* Supporting Files */ = {
			isa = PBXGroup;
			children = (
				71DE06F3194BFADB00378337 /* BlockHead-Info.plist */,
				71DE06F4194BFADB00378337 /* InfoPlist.strings */,
				71DE06F7194BFADB00378337 /* main.m */,
				71DE06F9194BFADB00378337 /* BlockHead-Prefix.pch */,
			);
			name = "Supporting Files";
			sourceTree = "<group>";
		};
		71DE0710194BFADB00378337 /* BlockHeadTests */ = {
			isa = PBXGroup;
			children = (
				71DE0716194BFADB00378337 /* BlockHeadTests.m */,
				71DE0711194BFADB00378337 /* Supporting Files */,
			);
			path = BlockHeadTests;
			sourceTree = "<group>";
		};
		71DE0711194BFADB00378337 /* Supporting Files */ = {
			isa = PBXGroup;
			children = (
				71DE0712194BFADB00378337 /* BlockHeadTests-Info.plist */,
				71DE0713194BFADB00378337 /* InfoPlist.strings */,
			);
			name = "Supporting Files";
			sourceTree = "<group>";
		};
/* End PBXGroup section */

/* Begin PBXNativeTarget section */
		71DE06E7194BFADB00378337 /* BlockHead */ = {
			isa = PBXNativeTarget;
			buildConfigurationList = 71DE071A194BFADB00378337 /* Build configuration list for PBXNativeTarget "BlockHead" */;
			buildPhases = (
				71DE06E4194BFADB00378337 /* Sources */,
				71DE06E5194BFADB00378337 /* Frameworks */,
				71DE06E6194BFADB00378337 /* Resources */,
			);
			buildRules = (
			);
			dependencies = (
			);
			name = BlockHead;
			productName = BlockHead;
			productReference = 71DE06E8194BFADB00378337 /* BlockHead.app */;
			productType = "com.apple.product-type.application";
		};
		71DE0708194BFADB00378337 /* BlockHeadTests */ = {
			isa = PBXNativeTarget;
			buildConfigurationList = 71DE071D194BFADB00378337 /* Build configuration list for PBXNativeTarget "BlockHeadTests" */;
			buildPhases = (
				71DE0705194BFADB00378337 /* Sources */,
				71DE0706194BFADB00378337 /* Frameworks */,
				71DE0707194BFADB00378337 /* Resources */,
			);
			buildRules = (
			);
			dependencies = (
				71DE070F194BFADB00378337 /* PBXTargetDependency */,
			);
			name = BlockHeadTests;
			productName = BlockHeadTests;
			productReference = 71DE0709194BFADB00378337 /* BlockHeadTests.xctest */;
			productType = "com.apple.product-type.bundle.unit-test";
		};
/* End PBXNativeTarget section */

/* Begin PBXProject section */
		71DE06E0194BFADB00378337 /* Project object */ = {
			isa = PBXProject;
			attributes = {
				CLASSPREFIX = BH;
				LastUpgradeCheck = 0510;
				ORGANIZATIONNAME = DevMountain;
				TargetAttributes = {
					71DE0708194BFADB00378337 = {
						TestTargetID = 71DE06E7194BFADB00378337;
					};
				};
			};
			buildConfigurationList = 71DE06E3194BFADB00378337 /* Build configuration list for PBXProject "BlockHead" */;
			compatibilityVersion = "Xcode 3.2";
			developmentRegion = English;
			hasScannedForEncodings = 0;
			knownRegions = (
				en,
				Base,
			);
			mainGroup = 71DE06DF194BFADB00378337;
			productRefGroup = 71DE06E9194BFADB00378337 /* Products */;
			projectDirPath = "";
			projectRoot = "";
			targets = (
				71DE06E7194BFADB00378337 /* BlockHead */,
				71DE0708194BFADB00378337 /* BlockHeadTests */,
			);
		};
/* End PBXProject section */

/* Begin PBXResourcesBuildPhase section */
		71DE06E6194BFADB00378337 /* Resources */ = {
			isa = PBXResourcesBuildPhase;
			buildActionMask = 2147483647;
			files = (
				71DE0704194BFADB00378337 /* Images.xcassets in Resources */,
				71DE06F6194BFADB00378337 /* InfoPlist.strings in Resources */,
				71DE06FF194BFADB00378337 /* Main.storyboard in Resources */,
			);
			runOnlyForDeploymentPostprocessing = 0;
		};
		71DE0707194BFADB00378337 /* Resources */ = {
			isa = PBXResourcesBuildPhase;
			buildActionMask = 2147483647;
			files = (
				71DE0715194BFADB00378337 /* InfoPlist.strings in Resources */,
			);
			runOnlyForDeploymentPostprocessing = 0;
		};
/* End PBXResourcesBuildPhase section */

/* Begin PBXSourcesBuildPhase section */
		71DE06E4194BFADB00378337 /* Sources */ = {
			isa = PBXSourcesBuildPhase;
			buildActionMask = 2147483647;
			files = (
				71DE0702194BFADB00378337 /* BHViewController.m in Sources */,
				71DE06FC194BFADB00378337 /* BHAppDelegate.m in Sources */,
				71DE06F8194BFADB00378337 /* main.m in Sources */,
			);
			runOnlyForDeploymentPostprocessing = 0;
		};
		71DE0705194BFADB00378337 /* Sources */ = {
			isa = PBXSourcesBuildPhase;
			buildActionMask = 2147483647;
			files = (
				71DE0717194BFADB00378337 /* BlockHeadTests.m in Sources */,
			);
			runOnlyForDeploymentPostprocessing = 0;
		};
/* End PBXSourcesBuildPhase section */

/* Begin PBXTargetDependency section */
		71DE070F194BFADB00378337 /* PBXTargetDependency */ = {
			isa = PBXTargetDependency;
			target = 71DE06E7194BFADB00378337 /* BlockHead */;
			targetProxy = 71DE070E194BFADB00378337 /* PBXContainerItemProxy */;
		};
/* End PBXTargetDependency section */

/* Begin PBXVariantGroup section */
		71DE06F4194BFADB00378337 /* InfoPlist.strings */ = {
			isa = PBXVariantGroup;
			children = (
				71DE06F5194BFADB00378337 /* en */,
			);
			name = InfoPlist.strings;
			sourceTree = "<group>";
		};
		71DE06FD194BFADB00378337 /* Main.storyboard */ = {
			isa = PBXVariantGroup;
			children = (
				71DE06FE194BFADB00378337 /* Base */,
			);
			name = Main.storyboard;
			sourceTree = "<group>";
		};
		71DE0713194BFADB00378337 /* InfoPlist.strings */ = {
			isa = PBXVariantGroup;
			children = (
				71DE0714194BFADB00378337 /* en */,
			);
			name = InfoPlist.strings;
			sourceTree = "<group>";
		};
/* End PBXVariantGroup section */

/* Begin XCBuildConfiguration section */
		71DE0718194BFADB00378337 /* Debug */ = {
			isa = XCBuildConfiguration;
			buildSettings = {
				ALWAYS_SEARCH_USER_PATHS = NO;
				CLANG_CXX_LANGUAGE_STANDARD = "gnu++0x";
				CLANG_CXX_LIBRARY = "libc++";
				CLANG_ENABLE_MODULES = YES;
				CLANG_ENABLE_OBJC_ARC = YES;
				CLANG_WARN_BOOL_CONVERSION = YES;
				CLANG_WARN_CONSTANT_CONVERSION = YES;
				CLANG_WARN_DIRECT_OBJC_ISA_USAGE = YES_ERROR;
				CLANG_WARN_EMPTY_BODY = YES;
				CLANG_WARN_ENUM_CONVERSION = YES;
				CLANG_WARN_INT_CONVERSION = YES;
				CLANG_WARN_OBJC_ROOT_CLASS = YES_ERROR;
				CLANG_WARN__DUPLICATE_METHOD_MATCH = YES;
				"CODE_SIGN_IDENTITY[sdk=iphoneos*]" = "iPhone Developer";
				COPY_PHASE_STRIP = NO;
				GCC_C_LANGUAGE_STANDARD = gnu99;
				GCC_DYNAMIC_NO_PIC = NO;
				GCC_OPTIMIZATION_LEVEL = 0;
				GCC_PREPROCESSOR_DEFINITIONS = (
					"DEBUG=1",
					"$(inherited)",
				);
				GCC_SYMBOLS_PRIVATE_EXTERN = NO;
				GCC_WARN_64_TO_32_BIT_CONVERSION = YES;
				GCC_WARN_ABOUT_RETURN_TYPE = YES_ERROR;
				GCC_WARN_UNDECLARED_SELECTOR = YES;
				GCC_WARN_UNINITIALIZED_AUTOS = YES_AGGRESSIVE;
				GCC_WARN_UNUSED_FUNCTION = YES;
				GCC_WARN_UNUSED_VARIABLE = YES;
				IPHONEOS_DEPLOYMENT_TARGET = 7.1;
				ONLY_ACTIVE_ARCH = YES;
				SDKROOT = iphoneos;
			};
			name = Debug;
		};
		71DE0719194BFADB00378337 /* Release */ = {
			isa = XCBuildConfiguration;
			buildSettings = {
				ALWAYS_SEARCH_USER_PATHS = NO;
				CLANG_CXX_LANGUAGE_STANDARD = "gnu++0x";
				CLANG_CXX_LIBRARY = "libc++";
				CLANG_ENABLE_MODULES = YES;
				CLANG_ENABLE_OBJC_ARC = YES;
				CLANG_WARN_BOOL_CONVERSION = YES;
				CLANG_WARN_CONSTANT_CONVERSION = YES;
				CLANG_WARN_DIRECT_OBJC_ISA_USAGE = YES_ERROR;
				CLANG_WARN_EMPTY_BODY = YES;
				CLANG_WARN_ENUM_CONVERSION = YES;
				CLANG_WARN_INT_CONVERSION = YES;
				CLANG_WARN_OBJC_ROOT_CLASS = YES_ERROR;
				CLANG_WARN__DUPLICATE_METHOD_MATCH = YES;
				"CODE_SIGN_IDENTITY[sdk=iphoneos*]" = "iPhone Developer";
				COPY_PHASE_STRIP = YES;
				ENABLE_NS_ASSERTIONS = NO;
				GCC_C_LANGUAGE_STANDARD = gnu99;
				GCC_WARN_64_TO_32_BIT_CONVERSION = YES;
				GCC_WARN_ABOUT_RETURN_TYPE = YES_ERROR;
				GCC_WARN_UNDECLARED_SELECTOR = YES;
				GCC_WARN_UNINITIALIZED_AUTOS = YES_AGGRESSIVE;
				GCC_WARN_UNUSED_FUNCTION = YES;
				GCC_WARN_UNUSED_VARIABLE = YES;
				IPHONEOS_DEPLOYMENT_TARGET = 7.1;
				SDKROOT = iphoneos;
				VALIDATE_PRODUCT = YES;
			};
			name = Release;
		};
		71DE071B194BFADB00378337 /* Debug */ = {
			isa = XCBuildConfiguration;
			buildSettings = {
				ASSETCATALOG_COMPILER_APPICON_NAME = AppIcon;
				ASSETCATALOG_COMPILER_LAUNCHIMAGE_NAME = LaunchImage;
				GCC_PRECOMPILE_PREFIX_HEADER = YES;
				GCC_PREFIX_HEADER = "BlockHead/BlockHead-Prefix.pch";
				INFOPLIST_FILE = "BlockHead/BlockHead-Info.plist";
				PRODUCT_NAME = "$(TARGET_NAME)";
				WRAPPER_EXTENSION = app;
			};
			name = Debug;
		};
		71DE071C194BFADB00378337 /* Release */ = {
			isa = XCBuildConfiguration;
			buildSettings = {
				ASSETCATALOG_COMPILER_APPICON_NAME = AppIcon;
				ASSETCATALOG_COMPILER_LAUNCHIMAGE_NAME = LaunchImage;
				GCC_PRECOMPILE_PREFIX_HEADER = YES;
				GCC_PREFIX_HEADER = "BlockHead/BlockHead-Prefix.pch";
				INFOPLIST_FILE = "BlockHead/BlockHead-Info.plist";
				PRODUCT_NAME = "$(TARGET_NAME)";
				WRAPPER_EXTENSION = app;
			};
			name = Release;
		};
		71DE071E194BFADB00378337 /* Debug */ = {
			isa = XCBuildConfiguration;
			buildSettings = {
				BUNDLE_LOADER = "$(BUILT_PRODUCTS_DIR)/BlockHead.app/BlockHead";
				FRAMEWORK_SEARCH_PATHS = (
					"$(SDKROOT)/Developer/Library/Frameworks",
					"$(inherited)",
					"$(DEVELOPER_FRAMEWORKS_DIR)",
				);
				GCC_PRECOMPILE_PREFIX_HEADER = YES;
				GCC_PREFIX_HEADER = "BlockHead/BlockHead-Prefix.pch";
				GCC_PREPROCESSOR_DEFINITIONS = (
					"DEBUG=1",
					"$(inherited)",
				);
				INFOPLIST_FILE = "BlockHeadTests/BlockHeadTests-Info.plist";
				PRODUCT_NAME = "$(TARGET_NAME)";
				TEST_HOST = "$(BUNDLE_LOADER)";
				WRAPPER_EXTENSION = xctest;
			};
			name = Debug;
		};
		71DE071F194BFADB00378337 /* Release */ = {
			isa = XCBuildConfiguration;
			buildSettings = {
				BUNDLE_LOADER = "$(BUILT_PRODUCTS_DIR)/BlockHead.app/BlockHead";
				FRAMEWORK_SEARCH_PATHS = (
					"$(SDKROOT)/Developer/Library/Frameworks",
					"$(inherited)",
					"$(DEVELOPER_FRAMEWORKS_DIR)",
				);
				GCC_PRECOMPILE_PREFIX_HEADER = YES;
				GCC_PREFIX_HEADER = "BlockHead/BlockHead-Prefix.pch";
				INFOPLIST_FILE = "BlockHeadTests/BlockHeadTests-Info.plist";
				PRODUCT_NAME = "$(TARGET_NAME)";
				TEST_HOST = "$(BUNDLE_LOADER)";
				WRAPPER_EXTENSION = xctest;
			};
			name = Release;
		};
/* End XCBuildConfiguration section */

/* Begin XCConfigurationList section */
		71DE06E3194BFADB00378337 /* Build configuration list for PBXProject "BlockHead" */ = {
			isa = XCConfigurationList;
			buildConfigurations = (
				71DE0718194BFADB00378337 /* Debug */,
				71DE0719194BFADB00378337 /* Release */,
			);
			defaultConfigurationIsVisible = 0;
			defaultConfigurationName = Release;
		};
		71DE071A194BFADB00378337 /* Build configuration list for PBXNativeTarget "BlockHead" */ = {
			isa = XCConfigurationList;
			buildConfigurations = (
				71DE071B194BFADB00378337 /* Debug */,
				71DE071C194BFADB00378337 /* Release */,
			);
			defaultConfigurationIsVisible = 0;
		};
		71DE071D194BFADB00378337 /* Build configuration list for PBXNativeTarget "BlockHeadTests" */ = {
			isa = XCConfigurationList;
			buildConfigurations = (
				71DE071E194BFADB00378337 /* Debug */,
				71DE071F194BFADB00378337 /* Release */,
			);
			defaultConfigurationIsVisible = 0;
		};
/* End XCConfigurationList section */
	};
	rootObject = 71DE06E0194BFADB00378337 /* Project object */;
}
